
Microsoft Visual Studio Solution File, Format Version 12.00
# Visual Studio Version 17
VisualStudioVersion = 17.4.33213.308
MinimumVisualStudioVersion = 10.0.40219.1
Project("{FAE04EC0-301F-11D3-BF4B-00C04F79EFBC}") = "AIDogsAndCats", "AIDogsAndCats\AIDogsAndCats.csproj", "{8516A046-D58B-4A65-B444-78B0D3A8FFBA}"
EndProject
Global
	GlobalSection(SolutionConfigurationPlatforms) = preSolution
		Debug|Any CPU = Debug|Any CPU
		Release|Any CPU = Release|Any CPU
	EndGlobalSection
	GlobalSection(ProjectConfigurationPlatforms) = postSolution
		{8516A046-D58B-4A65-B444-78B0D3A8FFBA}.Debug|Any CPU.ActiveCfg = Debug|Any CPU
		{8516A046-D58B-4A65-B444-78B0D3A8FFBA}.Debug|Any CPU.Build.0 = Debug|Any CPU
		{8516A046-D58B-4A65-B444-78B0D3A8FFBA}.Release|Any CPU.ActiveCfg = Release|Any CPU
		{8516A046-D58B-4A65-B444-78B0D3A8FFBA}.Release|Any CPU.Build.0 = Release|Any CPU
	EndGlobalSection
	GlobalSection(SolutionProperties) = preSolution
		HideSolutionNode = FALSE
	EndGlobalSection
	GlobalSection(ExtensibilityGlobals) = postSolution
		SolutionGuid = {6145E255-C46B-45D6-8BB4-C6AA3048A1F9}
	EndGlobalSection
EndGlobal
